
Microsoft Visual Studio Solution File, Format Version 12.00
# Visual Studio Version 16
VisualStudioVersion = 16.0.29512.175
MinimumVisualStudioVersion = 10.0.40219.1
Project("{9A19103F-16F7-4668-BE54-9A1E7A4F7556}") = "TestFixtureSourceError", "TestFixtureSourceError\TestFixtureSourceError.csproj", "{4A29366E-BEB6-49DF-B26A-A3B0FBAA049A}"
EndProject
Global
	GlobalSection(SolutionConfigurationPlatforms) = preSolution
		Debug|Any CPU = Debug|Any CPU
		Release|Any CPU = Release|Any CPU
	EndGlobalSection
	GlobalSection(ProjectConfigurationPlatforms) = postSolution
		{4A29366E-BEB6-49DF-B26A-A3B0FBAA049A}.Debug|Any CPU.ActiveCfg = Debug|Any CPU
		{4A29366E-BEB6-49DF-B26A-A3B0FBAA049A}.Debug|Any CPU.Build.0 = Debug|Any CPU
		{4A29366E-BEB6-49DF-B26A-A3B0FBAA049A}.Release|Any CPU.ActiveCfg = Release|Any CPU
		{4A29366E-BEB6-49DF-B26A-A3B0FBAA049A}.Release|Any CPU.Build.0 = Release|Any CPU
	EndGlobalSection
	GlobalSection(SolutionProperties) = preSolution
		HideSolutionNode = FALSE
	EndGlobalSection
	GlobalSection(ExtensibilityGlobals) = postSolution
		SolutionGuid = {FD9C5488-A150-4208-95A8-A6ADEE68C6AF}
	EndGlobalSection
EndGlobal
